
Microsoft Visual Studio Solution File, Format Version 12.00
# Visual Studio Version 16
VisualStudioVersion = 16.0.31129.286
MinimumVisualStudioVersion = 10.0.40219.1
Project("{FAE04EC0-301F-11D3-BF4B-00C04F79EFBC}") = "Marc", "Marc\Marc.csproj", "{56AB116A-4C39-41FF-B173-C1E4809F32FB}"
EndProject
Global
	GlobalSection(SolutionConfigurationPlatforms) = preSolution
		Debug|Any CPU = Debug|Any CPU
		Release|Any CPU = Release|Any CPU
	EndGlobalSection
	GlobalSection(ProjectConfigurationPlatforms) = postSolution
		{56AB116A-4C39-41FF-B173-C1E4809F32FB}.Debug|Any CPU.ActiveCfg = Debug|Any CPU
		{56AB116A-4C39-41FF-B173-C1E4809F32FB}.Debug|Any CPU.Build.0 = Debug|Any CPU
		{56AB116A-4C39-41FF-B173-C1E4809F32FB}.Release|Any CPU.ActiveCfg = Release|Any CPU
		{56AB116A-4C39-41FF-B173-C1E4809F32FB}.Release|Any CPU.Build.0 = Release|Any CPU
	EndGlobalSection
	GlobalSection(SolutionProperties) = preSolution
		HideSolutionNode = FALSE
	EndGlobalSection
	GlobalSection(ExtensibilityGlobals) = postSolution
		SolutionGuid = {6C95F04F-6037-4829-9024-0DA908B43926}
	EndGlobalSection
EndGlobal
